
Microsoft Visual Studio Solution File, Format Version 12.00
# Visual Studio 15
VisualStudioVersion = 15.0.28307.572
MinimumVisualStudioVersion = 10.0.40219.1
Project("{FAE04EC0-301F-11D3-BF4B-00C04F79EFBC}") = "Coda", "Coda\Coda.csproj", "{78461EC2-65F5-4059-89E9-E1B0B52E1CA3}"
EndProject
Global
	GlobalSection(SolutionConfigurationPlatforms) = preSolution
		Debug|Any CPU = Debug|Any CPU
		Release|Any CPU = Release|Any CPU
	EndGlobalSection
	GlobalSection(ProjectConfigurationPlatforms) = postSolution
		{78461EC2-65F5-4059-89E9-E1B0B52E1CA3}.Debug|Any CPU.ActiveCfg = Debug|Any CPU
		{78461EC2-65F5-4059-89E9-E1B0B52E1CA3}.Debug|Any CPU.Build.0 = Debug|Any CPU
		{78461EC2-65F5-4059-89E9-E1B0B52E1CA3}.Release|Any CPU.ActiveCfg = Release|Any CPU
		{78461EC2-65F5-4059-89E9-E1B0B52E1CA3}.Release|Any CPU.Build.0 = Release|Any CPU
	EndGlobalSection
	GlobalSection(SolutionProperties) = preSolution
		HideSolutionNode = FALSE
	EndGlobalSection
	GlobalSection(ExtensibilityGlobals) = postSolution
		SolutionGuid = {2C1D0ABA-AF2C-4631-93CF-BA65AFD9F9DD}
	EndGlobalSection
EndGlobal
